
Microsoft Visual Studio Solution File, Format Version 12.00
# Visual Studio 15
VisualStudioVersion = 15.0.28307.1705
MinimumVisualStudioVersion = 10.0.40219.1
Project("{FAE04EC0-301F-11D3-BF4B-00C04F79EFBC}") = "BeTechTest", "BeTechTest\BeTechTest.csproj", "{30BC3BD5-5CA1-4D1A-AF4A-5A1B5D510785}"
EndProject
Global
	GlobalSection(SolutionConfigurationPlatforms) = preSolution
		Debug|Any CPU = Debug|Any CPU
		Release|Any CPU = Release|Any CPU
	EndGlobalSection
	GlobalSection(ProjectConfigurationPlatforms) = postSolution
		{30BC3BD5-5CA1-4D1A-AF4A-5A1B5D510785}.Debug|Any CPU.ActiveCfg = Debug|Any CPU
		{30BC3BD5-5CA1-4D1A-AF4A-5A1B5D510785}.Debug|Any CPU.Build.0 = Debug|Any CPU
		{30BC3BD5-5CA1-4D1A-AF4A-5A1B5D510785}.Release|Any CPU.ActiveCfg = Release|Any CPU
		{30BC3BD5-5CA1-4D1A-AF4A-5A1B5D510785}.Release|Any CPU.Build.0 = Release|Any CPU
	EndGlobalSection
	GlobalSection(SolutionProperties) = preSolution
		HideSolutionNode = FALSE
	EndGlobalSection
	GlobalSection(ExtensibilityGlobals) = postSolution
		SolutionGuid = {F9329CED-AD9D-463B-85D3-A8EF541B1247}
	EndGlobalSection
EndGlobal
